
Microsoft Visual Studio Solution File, Format Version 12.00
# Visual Studio Version 17
VisualStudioVersion = 17.6.33801.468
MinimumVisualStudioVersion = 10.0.40219.1
Project("{FAE04EC0-301F-11D3-BF4B-00C04F79EFBC}") = "WA_CRUD_Tienda", "WA_CRUD_Tienda\WA_CRUD_Tienda.csproj", "{BBC56ED6-66F4-4422-B5E4-F23EE433B2C0}"
EndProject
Global
	GlobalSection(SolutionConfigurationPlatforms) = preSolution
		Debug|Any CPU = Debug|Any CPU
		Release|Any CPU = Release|Any CPU
	EndGlobalSection
	GlobalSection(ProjectConfigurationPlatforms) = postSolution
		{BBC56ED6-66F4-4422-B5E4-F23EE433B2C0}.Debug|Any CPU.ActiveCfg = Debug|Any CPU
		{BBC56ED6-66F4-4422-B5E4-F23EE433B2C0}.Debug|Any CPU.Build.0 = Debug|Any CPU
		{BBC56ED6-66F4-4422-B5E4-F23EE433B2C0}.Release|Any CPU.ActiveCfg = Release|Any CPU
		{BBC56ED6-66F4-4422-B5E4-F23EE433B2C0}.Release|Any CPU.Build.0 = Release|Any CPU
	EndGlobalSection
	GlobalSection(SolutionProperties) = preSolution
		HideSolutionNode = FALSE
	EndGlobalSection
	GlobalSection(ExtensibilityGlobals) = postSolution
		SolutionGuid = {8D9D5693-C5B2-4FBE-A9B8-D4C33576E3BE}
	EndGlobalSection
EndGlobal
